// !$*UTF8*$!
{
	archiveVersion = 1;
	classes = {
	};
	objectVersion = 50;
	objects = {

/* Begin PBXBuildFile section */
		DC298C05231075B30044738F /* ChangeConfigViewController.swift in Sources */ = {isa = PBXBuildFile; fileRef = DC298C04231075B30044738F /* ChangeConfigViewController.swift */; };
		DC30C0A3230BB242004EFAF8 /* AppDelegate.swift in Sources */ = {isa = PBXBuildFile; fileRef = DC30C0A2230BB242004EFAF8 /* AppDelegate.swift */; };
		DC30C0A5230BB242004EFAF8 /* SceneDelegate.swift in Sources */ = {isa = PBXBuildFile; fileRef = DC30C0A4230BB242004EFAF8 /* SceneDelegate.swift */; };
		DC30C0AA230BB242004EFAF8 /* Main.storyboard in Resources */ = {isa = PBXBuildFile; fileRef = DC30C0A8230BB242004EFAF8 /* Main.storyboard */; };
		DC30C0AC230BB243004EFAF8 /* Assets.xcassets in Resources */ = {isa = PBXBuildFile; fileRef = DC30C0AB230BB243004EFAF8 /* Assets.xcassets */; };
		DC30C0AF230BB243004EFAF8 /* LaunchScreen.storyboard in Resources */ = {isa = PBXBuildFile; fileRef = DC30C0AD230BB243004EFAF8 /* LaunchScreen.storyboard */; };
		DC30C0BA230BB243004EFAF8 /* Amplitude_ControllerTests.swift in Sources */ = {isa = PBXBuildFile; fileRef = DC30C0B9230BB243004EFAF8 /* Amplitude_ControllerTests.swift */; };
		DC30C0C5230BB243004EFAF8 /* Amplitude_ControllerUITests.swift in Sources */ = {isa = PBXBuildFile; fileRef = DC30C0C4230BB243004EFAF8 /* Amplitude_ControllerUITests.swift */; };
		DC30C0D3230BB322004EFAF8 /* TableViewController.swift in Sources */ = {isa = PBXBuildFile; fileRef = DC30C0D2230BB322004EFAF8 /* TableViewController.swift */; };
		DCB09738230C93AC002AB0DF /* ViewController.swift in Sources */ = {isa = PBXBuildFile; fileRef = DCB09737230C93AC002AB0DF /* ViewController.swift */; };
/* End PBXBuildFile section */

/* Begin PBXContainerItemProxy section */
		DC30C0B6230BB243004EFAF8 /* PBXContainerItemProxy */ = {
			isa = PBXContainerItemProxy;
			containerPortal = DC30C097230BB242004EFAF8 /* Project object */;
			proxyType = 1;
			remoteGlobalIDString = DC30C09E230BB242004EFAF8;
			remoteInfo = "Amplitude Controller";
		};
		DC30C0C1230BB243004EFAF8 /* PBXContainerItemProxy */ = {
			isa = PBXContainerItemProxy;
			containerPortal = DC30C097230BB242004EFAF8 /* Project object */;
			proxyType = 1;
			remoteGlobalIDString = DC30C09E230BB242004EFAF8;
			remoteInfo = "Amplitude Controller";
		};
/* End PBXContainerItemProxy section */

/* Begin PBXFileReference section */
		DC298C04231075B30044738F /* ChangeConfigViewController.swift */ = {isa = PBXFileReference; lastKnownFileType = sourcecode.swift; path = ChangeConfigViewController.swift; sourceTree = "<group>"; };
		DC30C09F230BB242004EFAF8 /* Amplitude Controller.app */ = {isa = PBXFileReference; explicitFileType = wrapper.application; includeInIndex = 0; path = "Amplitude Controller.app"; sourceTree = BUILT_PRODUCTS_DIR; };
		DC30C0A2230BB242004EFAF8 /* AppDelegate.swift */ = {isa = PBXFileReference; lastKnownFileType = sourcecode.swift; path = AppDelegate.swift; sourceTree = "<group>"; };
		DC30C0A4230BB242004EFAF8 /* SceneDelegate.swift */ = {isa = PBXFileReference; lastKnownFileType = sourcecode.swift; path = SceneDelegate.swift; sourceTree = "<group>"; };
		DC30C0A9230BB242004EFAF8 /* Base */ = {isa = PBXFileReference; lastKnownFileType = file.storyboard; name = Base; path = Base.lproj/Main.storyboard; sourceTree = "<group>"; };
		DC30C0AB230BB243004EFAF8 /* Assets.xcassets */ = {isa = PBXFileReference; lastKnownFileType = folder.assetcatalog; path = Assets.xcassets; sourceTree = "<group>"; };
		DC30C0AE230BB243004EFAF8 /* Base */ = {isa = PBXFileReference; lastKnownFileType = file.storyboard; name = Base; path = Base.lproj/LaunchScreen.storyboard; sourceTree = "<group>"; };
		DC30C0B0230BB243004EFAF8 /* Info.plist */ = {isa = PBXFileReference; lastKnownFileType = text.plist.xml; path = Info.plist; sourceTree = "<group>"; };
		DC30C0B5230BB243004EFAF8 /* Amplitude ControllerTests.xctest */ = {isa = PBXFileReference; explicitFileType = wrapper.cfbundle; includeInIndex = 0; path = "Amplitude ControllerTests.xctest"; sourceTree = BUILT_PRODUCTS_DIR; };
		DC30C0B9230BB243004EFAF8 /* Amplitude_ControllerTests.swift */ = {isa = PBXFileReference; lastKnownFileType = sourcecode.swift; path = Amplitude_ControllerTests.swift; sourceTree = "<group>"; };
		DC30C0BB230BB243004EFAF8 /* Info.plist */ = {isa = PBXFileReference; lastKnownFileType = text.plist.xml; path = Info.plist; sourceTree = "<group>"; };
		DC30C0C0230BB243004EFAF8 /* Amplitude ControllerUITests.xctest */ = {isa = PBXFileReference; explicitFileType = wrapper.cfbundle; includeInIndex = 0; path = "Amplitude ControllerUITests.xctest"; sourceTree = BUILT_PRODUCTS_DIR; };
		DC30C0C4230BB243004EFAF8 /* Amplitude_ControllerUITests.swift */ = {isa = PBXFileReference; lastKnownFileType = sourcecode.swift; path = Amplitude_ControllerUITests.swift; sourceTree = "<group>"; };
		DC30C0C6230BB243004EFAF8 /* Info.plist */ = {isa = PBXFileReference; lastKnownFileType = text.plist.xml; path = Info.plist; sourceTree = "<group>"; };
		DC30C0D2230BB322004EFAF8 /* TableViewController.swift */ = {isa = PBXFileReference; lastKnownFileType = sourcecode.swift; path = TableViewController.swift; sourceTree = "<group>"; };
		DCB09737230C93AC002AB0DF /* ViewController.swift */ = {isa = PBXFileReference; lastKnownFileType = sourcecode.swift; path = ViewController.swift; sourceTree = "<group>"; };
/* End PBXFileReference section */

/* Begin PBXFrameworksBuildPhase section */
		DC30C09C230BB242004EFAF8 /* Frameworks */ = {
			isa = PBXFrameworksBuildPhase;
			buildActionMask = 2147483647;
			files = (
			);
			runOnlyForDeploymentPostprocessing = 0;
		};
		DC30C0B2230BB243004EFAF8 /* Frameworks */ = {
			isa = PBXFrameworksBuildPhase;
			buildActionMask = 2147483647;
			files = (
			);
			runOnlyForDeploymentPostprocessing = 0;
		};
		DC30C0BD230BB243004EFAF8 /* Frameworks */ = {
			isa = PBXFrameworksBuildPhase;
			buildActionMask = 2147483647;
			files = (
			);
			runOnlyForDeploymentPostprocessing = 0;
		};
/* End PBXFrameworksBuildPhase section */

/* Begin PBXGroup section */
		DC30C096230BB242004EFAF8 = {
			isa = PBXGroup;
			children = (
				DC30C0A1230BB242004EFAF8 /* Amplitude Controller */,
				DC30C0B8230BB243004EFAF8 /* Amplitude ControllerTests */,
				DC30C0C3230BB243004EFAF8 /* Amplitude ControllerUITests */,
				DC30C0A0230BB242004EFAF8 /* Products */,
			);
			sourceTree = "<group>";
		};
		DC30C0A0230BB242004EFAF8 /* Products */ = {
			isa = PBXGroup;
			children = (
				DC30C09F230BB242004EFAF8 /* Amplitude Controller.app */,
				DC30C0B5230BB243004EFAF8 /* Amplitude ControllerTests.xctest */,
				DC30C0C0230BB243004EFAF8 /* Amplitude ControllerUITests.xctest */,
			);
			name = Products;
			sourceTree = "<group>";
		};
		DC30C0A1230BB242004EFAF8 /* Amplitude Controller */ = {
			isa = PBXGroup;
			children = (
				DC30C0A2230BB242004EFAF8 /* AppDelegate.swift */,
				DC30C0A4230BB242004EFAF8 /* SceneDelegate.swift */,
				DC30C0A8230BB242004EFAF8 /* Main.storyboard */,
				DC298C04231075B30044738F /* ChangeConfigViewController.swift */,
				DCB09737230C93AC002AB0DF /* ViewController.swift */,
				DC30C0D2230BB322004EFAF8 /* TableViewController.swift */,
				DC30C0AB230BB243004EFAF8 /* Assets.xcassets */,
				DC30C0AD230BB243004EFAF8 /* LaunchScreen.storyboard */,
				DC30C0B0230BB243004EFAF8 /* Info.plist */,
			);
			path = "Amplitude Controller";
			sourceTree = "<group>";
		};
		DC30C0B8230BB243004EFAF8 /* Amplitude ControllerTests */ = {
			isa = PBXGroup;
			children = (
				DC30C0B9230BB243004EFAF8 /* Amplitude_ControllerTests.swift */,
				DC30C0BB230BB243004EFAF8 /* Info.plist */,
			);
			path = "Amplitude ControllerTests";
			sourceTree = "<group>";
		};
		DC30C0C3230BB243004EFAF8 /* Amplitude ControllerUITests */ = {
			isa = PBXGroup;
			children = (
				DC30C0C4230BB243004EFAF8 /* Amplitude_ControllerUITests.swift */,
				DC30C0C6230BB243004EFAF8 /* Info.plist */,
			);
			path = "Amplitude ControllerUITests";
			sourceTree = "<group>";
		};
/* End PBXGroup section */

/* Begin PBXNativeTarget section */
		DC30C09E230BB242004EFAF8 /* Amplitude Controller */ = {
			isa = PBXNativeTarget;
			buildConfigurationList = DC30C0C9230BB243004EFAF8 /* Build configuration list for PBXNativeTarget "Amplitude Controller" */;
			buildPhases = (
				DC30C09B230BB242004EFAF8 /* Sources */,
				DC30C09C230BB242004EFAF8 /* Frameworks */,
				DC30C09D230BB242004EFAF8 /* Resources */,
			);
			buildRules = (
			);
			dependencies = (
			);
			name = "Amplitude Controller";
			productName = "Amplitude Controller";
			productReference = DC30C09F230BB242004EFAF8 /* Amplitude Controller.app */;
			productType = "com.apple.product-type.application";
		};
		DC30C0B4230BB243004EFAF8 /* Amplitude ControllerTests */ = {
			isa = PBXNativeTarget;
			buildConfigurationList = DC30C0CC230BB243004EFAF8 /* Build configuration list for PBXNativeTarget "Amplitude ControllerTests" */;
			buildPhases = (
				DC30C0B1230BB243004EFAF8 /* Sources */,
				DC30C0B2230BB243004EFAF8 /* Frameworks */,
				DC30C0B3230BB243004EFAF8 /* Resources */,
			);
			buildRules = (
			);
			dependencies = (
				DC30C0B7230BB243004EFAF8 /* PBXTargetDependency */,
			);
			name = "Amplitude ControllerTests";
			productName = "Amplitude ControllerTests";
			productReference = DC30C0B5230BB243004EFAF8 /* Amplitude ControllerTests.xctest */;
			productType = "com.apple.product-type.bundle.unit-test";
		};
		DC30C0BF230BB243004EFAF8 /* Amplitude ControllerUITests */ = {
			isa = PBXNativeTarget;
			buildConfigurationList = DC30C0CF230BB243004EFAF8 /* Build configuration list for PBXNativeTarget "Amplitude ControllerUITests" */;
			buildPhases = (
				DC30C0BC230BB243004EFAF8 /* Sources */,
				DC30C0BD230BB243004EFAF8 /* Frameworks */,
				DC30C0BE230BB243004EFAF8 /* Resources */,
			);
			buildRules = (
			);
			dependencies = (
				DC30C0C2230BB243004EFAF8 /* PBXTargetDependency */,
			);
			name = "Amplitude ControllerUITests";
			productName = "Amplitude ControllerUITests";
			productReference = DC30C0C0230BB243004EFAF8 /* Amplitude ControllerUITests.xctest */;
			productType = "com.apple.product-type.bundle.ui-testing";
		};
/* End PBXNativeTarget section */

/* Begin PBXProject section */
		DC30C097230BB242004EFAF8 /* Project object */ = {
			isa = PBXProject;
			attributes = {
				LastSwiftUpdateCheck = 1100;
				LastUpgradeCheck = 1100;
				ORGANIZATIONNAME = "Amplitude Lighting";
				TargetAttributes = {
					DC30C09E230BB242004EFAF8 = {
						CreatedOnToolsVersion = 11.0;
					};
					DC30C0B4230BB243004EFAF8 = {
						CreatedOnToolsVersion = 11.0;
						TestTargetID = DC30C09E230BB242004EFAF8;
					};
					DC30C0BF230BB243004EFAF8 = {
						CreatedOnToolsVersion = 11.0;
						TestTargetID = DC30C09E230BB242004EFAF8;
					};
				};
			};
			buildConfigurationList = DC30C09A230BB242004EFAF8 /* Build configuration list for PBXProject "Amplitude Controller" */;
			compatibilityVersion = "Xcode 9.3";
			developmentRegion = en;
			hasScannedForEncodings = 0;
			knownRegions = (
				en,
				Base,
			);
			mainGroup = DC30C096230BB242004EFAF8;
			productRefGroup = DC30C0A0230BB242004EFAF8 /* Products */;
			projectDirPath = "";
			projectRoot = "";
			targets = (
				DC30C09E230BB242004EFAF8 /* Amplitude Controller */,
				DC30C0B4230BB243004EFAF8 /* Amplitude ControllerTests */,
				DC30C0BF230BB243004EFAF8 /* Amplitude ControllerUITests */,
			);
		};
/* End PBXProject section */

/* Begin PBXResourcesBuildPhase section */
		DC30C09D230BB242004EFAF8 /* Resources */ = {
			isa = PBXResourcesBuildPhase;
			buildActionMask = 2147483647;
			files = (
				DC30C0AF230BB243004EFAF8 /* LaunchScreen.storyboard in Resources */,
				DC30C0AC230BB243004EFAF8 /* Assets.xcassets in Resources */,
				DC30C0AA230BB242004EFAF8 /* Main.storyboard in Resources */,
			);
			runOnlyForDeploymentPostprocessing = 0;
		};
		DC30C0B3230BB243004EFAF8 /* Resources */ = {
			isa = PBXResourcesBuildPhase;
			buildActionMask = 2147483647;
			files = (
			);
			runOnlyForDeploymentPostprocessing = 0;
		};
		DC30C0BE230BB243004EFAF8 /* Resources */ = {
			isa = PBXResourcesBuildPhase;
			buildActionMask = 2147483647;
			files = (
			);
			runOnlyForDeploymentPostprocessing = 0;
		};
/* End PBXResourcesBuildPhase section */

/* Begin PBXSourcesBuildPhase section */
		DC30C09B230BB242004EFAF8 /* Sources */ = {
			isa = PBXSourcesBuildPhase;
			buildActionMask = 2147483647;
			files = (
				DC298C05231075B30044738F /* ChangeConfigViewController.swift in Sources */,
				DC30C0A3230BB242004EFAF8 /* AppDelegate.swift in Sources */,
				DC30C0A5230BB242004EFAF8 /* SceneDelegate.swift in Sources */,
				DCB09738230C93AC002AB0DF /* ViewController.swift in Sources */,
				DC30C0D3230BB322004EFAF8 /* TableViewController.swift in Sources */,
			);
			runOnlyForDeploymentPostprocessing = 0;
		};
		DC30C0B1230BB243004EFAF8 /* Sources */ = {
			isa = PBXSourcesBuildPhase;
			buildActionMask = 2147483647;
			files = (
				DC30C0BA230BB243004EFAF8 /* Amplitude_ControllerTests.swift in Sources */,
			);
			runOnlyForDeploymentPostprocessing = 0;
		};
		DC30C0BC230BB243004EFAF8 /* Sources */ = {
			isa = PBXSourcesBuildPhase;
			buildActionMask = 2147483647;
			files = (
				DC30C0C5230BB243004EFAF8 /* Amplitude_ControllerUITests.swift in Sources */,
			);
			runOnlyForDeploymentPostprocessing = 0;
		};
/* End PBXSourcesBuildPhase section */

/* Begin PBXTargetDependency section */
		DC30C0B7230BB243004EFAF8 /* PBXTargetDependency */ = {
			isa = PBXTargetDependency;
			target = DC30C09E230BB242004EFAF8 /* Amplitude Controller */;
			targetProxy = DC30C0B6230BB243004EFAF8 /* PBXContainerItemProxy */;
		};
		DC30C0C2230BB243004EFAF8 /* PBXTargetDependency */ = {
			isa = PBXTargetDependency;
			target = DC30C09E230BB242004EFAF8 /* Amplitude Controller */;
			targetProxy = DC30C0C1230BB243004EFAF8 /* PBXContainerItemProxy */;
		};
/* End PBXTargetDependency section */

/* Begin PBXVariantGroup section */
		DC30C0A8230BB242004EFAF8 /* Main.storyboard */ = {
			isa = PBXVariantGroup;
			children = (
				DC30C0A9230BB242004EFAF8 /* Base */,
			);
			name = Main.storyboard;
			sourceTree = "<group>";
		};
		DC30C0AD230BB243004EFAF8 /* LaunchScreen.storyboard */ = {
			isa = PBXVariantGroup;
			children = (
				DC30C0AE230BB243004EFAF8 /* Base */,
			);
			name = LaunchScreen.storyboard;
			sourceTree = "<group>";
		};
/* End PBXVariantGroup section */

/* Begin XCBuildConfiguration section */
		DC30C0C7230BB243004EFAF8 /* Debug */ = {
			isa = XCBuildConfiguration;
			buildSettings = {
				ALWAYS_SEARCH_USER_PATHS = NO;
				CLANG_ANALYZER_NONNULL = YES;
				CLANG_ANALYZER_NUMBER_OBJECT_CONVERSION = YES_AGGRESSIVE;
				CLANG_CXX_LANGUAGE_STANDARD = "gnu++14";
				CLANG_CXX_LIBRARY = "libc++";
				CLANG_ENABLE_MODULES = YES;
				CLANG_ENABLE_OBJC_ARC = YES;
				CLANG_ENABLE_OBJC_WEAK = YES;
				CLANG_WARN_BLOCK_CAPTURE_AUTORELEASING = YES;
				CLANG_WARN_BOOL_CONVERSION = YES;
				CLANG_WARN_COMMA = YES;
				CLANG_WARN_CONSTANT_CONVERSION = YES;
				CLANG_WARN_DEPRECATED_OBJC_IMPLEMENTATIONS = YES;
				CLANG_WARN_DIRECT_OBJC_ISA_USAGE = YES_ERROR;
				CLANG_WARN_DOCUMENTATION_COMMENTS = YES;
				CLANG_WARN_EMPTY_BODY = YES;
				CLANG_WARN_ENUM_CONVERSION = YES;
				CLANG_WARN_INFINITE_RECURSION = YES;
				CLANG_WARN_INT_CONVERSION = YES;
				CLANG_WARN_NON_LITERAL_NULL_CONVERSION = YES;
				CLANG_WARN_OBJC_IMPLICIT_RETAIN_SELF = YES;
				CLANG_WARN_OBJC_LITERAL_CONVERSION = YES;
				CLANG_WARN_OBJC_ROOT_CLASS = YES_ERROR;
				CLANG_WARN_RANGE_LOOP_ANALYSIS = YES;
				CLANG_WARN_STRICT_PROTOTYPES = YES;
				CLANG_WARN_SUSPICIOUS_MOVE = YES;
				CLANG_WARN_UNGUARDED_AVAILABILITY = YES_AGGRESSIVE;
				CLANG_WARN_UNREACHABLE_CODE = YES;
				CLANG_WARN__DUPLICATE_METHOD_MATCH = YES;
				COPY_PHASE_STRIP = NO;
				DEBUG_INFORMATION_FORMAT = dwarf;
				ENABLE_STRICT_OBJC_MSGSEND = YES;
				ENABLE_TESTABILITY = YES;
				GCC_C_LANGUAGE_STANDARD = gnu11;
				GCC_DYNAMIC_NO_PIC = NO;
				GCC_NO_COMMON_BLOCKS = YES;
				GCC_OPTIMIZATION_LEVEL = 0;
				GCC_PREPROCESSOR_DEFINITIONS = (
					"DEBUG=1",
					"$(inherited)",
				);
				GCC_WARN_64_TO_32_BIT_CONVERSION = YES;
				GCC_WARN_ABOUT_RETURN_TYPE = YES_ERROR;
				GCC_WARN_UNDECLARED_SELECTOR = YES;
				GCC_WARN_UNINITIALIZED_AUTOS = YES_AGGRESSIVE;
				GCC_WARN_UNUSED_FUNCTION = YES;
				GCC_WARN_UNUSED_VARIABLE = YES;
				IPHONEOS_DEPLOYMENT_TARGET = 13.0;
				MTL_ENABLE_DEBUG_INFO = INCLUDE_SOURCE;
				MTL_FAST_MATH = YES;
				ONLY_ACTIVE_ARCH = YES;
				SDKROOT = iphoneos;
				SWIFT_ACTIVE_COMPILATION_CONDITIONS = DEBUG;
				SWIFT_OPTIMIZATION_LEVEL = "-Onone";
			};
			name = Debug;
		};
		DC30C0C8230BB243004EFAF8 /* Release */ = {
			isa = XCBuildConfiguration;
			buildSettings = {
				ALWAYS_SEARCH_USER_PATHS = NO;
				CLANG_ANALYZER_NONNULL = YES;
				CLANG_ANALYZER_NUMBER_OBJECT_CONVERSION = YES_AGGRESSIVE;
				CLANG_CXX_LANGUAGE_STANDARD = "gnu++14";
				CLANG_CXX_LIBRARY = "libc++";
				CLANG_ENABLE_MODULES = YES;
				CLANG_ENABLE_OBJC_ARC = YES;
				CLANG_ENABLE_OBJC_WEAK = YES;
				CLANG_WARN_BLOCK_CAPTURE_AUTORELEASING = YES;
				CLANG_WARN_BOOL_CONVERSION = YES;
				CLANG_WARN_COMMA = YES;
				CLANG_WARN_CONSTANT_CONVERSION = YES;
				CLANG_WARN_DEPRECATED_OBJC_IMPLEMENTATIONS = YES;
				CLANG_WARN_DIRECT_OBJC_ISA_USAGE = YES_ERROR;
				CLANG_WARN_DOCUMENTATION_COMMENTS = YES;
				CLANG_WARN_EMPTY_BODY = YES;
				CLANG_WARN_ENUM_CONVERSION = YES;
				CLANG_WARN_INFINITE_RECURSION = YES;
				CLANG_WARN_INT_CONVERSION = YES;
				CLANG_WARN_NON_LITERAL_NULL_CONVERSION = YES;
				CLANG_WARN_OBJC_IMPLICIT_RETAIN_SELF = YES;
				CLANG_WARN_OBJC_LITERAL_CONVERSION = YES;
				CLANG_WARN_OBJC_ROOT_CLASS = YES_ERROR;
				CLANG_WARN_RANGE_LOOP_ANALYSIS = YES;
				CLANG_WARN_STRICT_PROTOTYPES = YES;
				CLANG_WARN_SUSPICIOUS_MOVE = YES;
				CLANG_WARN_UNGUARDED_AVAILABILITY = YES_AGGRESSIVE;
				CLANG_WARN_UNREACHABLE_CODE = YES;
				CLANG_WARN__DUPLICATE_METHOD_MATCH = YES;
				COPY_PHASE_STRIP = NO;
				DEBUG_INFORMATION_FORMAT = "dwarf-with-dsym";
				ENABLE_NS_ASSERTIONS = NO;
				ENABLE_STRICT_OBJC_MSGSEND = YES;
				GCC_C_LANGUAGE_STANDARD = gnu11;
				GCC_NO_COMMON_BLOCKS = YES;
				GCC_WARN_64_TO_32_BIT_CONVERSION = YES;
				GCC_WARN_ABOUT_RETURN_TYPE = YES_ERROR;
				GCC_WARN_UNDECLARED_SELECTOR = YES;
				GCC_WARN_UNINITIALIZED_AUTOS = YES_AGGRESSIVE;
				GCC_WARN_UNUSED_FUNCTION = YES;
				GCC_WARN_UNUSED_VARIABLE = YES;
				IPHONEOS_DEPLOYMENT_TARGET = 13.0;
				MTL_ENABLE_DEBUG_INFO = NO;
				MTL_FAST_MATH = YES;
				SDKROOT = iphoneos;
				SWIFT_COMPILATION_MODE = wholemodule;
				SWIFT_OPTIMIZATION_LEVEL = "-O";
				VALIDATE_PRODUCT = YES;
			};
			name = Release;
		};
		DC30C0CA230BB243004EFAF8 /* Debug */ = {
			isa = XCBuildConfiguration;
			buildSettings = {
				ASSETCATALOG_COMPILER_APPICON_NAME = AppIcon;
				CODE_SIGN_STYLE = Automatic;
				DEVELOPMENT_TEAM = L6YY2X59Y5;
				INFOPLIST_FILE = "Amplitude Controller/Info.plist";
				IPHONEOS_DEPLOYMENT_TARGET = 12.4;
				LD_RUNPATH_SEARCH_PATHS = (
					"$(inherited)",
					"@executable_path/Frameworks",
				);
				PRODUCT_BUNDLE_IDENTIFIER = "Amplitude-Lighting.Amplitude-Controller";
				PRODUCT_NAME = "$(TARGET_NAME)";
				SWIFT_VERSION = 5.0;
				TARGETED_DEVICE_FAMILY = "1,2";
			};
			name = Debug;
		};
		DC30C0CB230BB243004EFAF8 /* Release */ = {
			isa = XCBuildConfiguration;
			buildSettings = {
				ASSETCATALOG_COMPILER_APPICON_NAME = AppIcon;
				CODE_SIGN_STYLE = Automatic;
				DEVELOPMENT_TEAM = L6YY2X59Y5;
				INFOPLIST_FILE = "Amplitude Controller/Info.plist";
				IPHONEOS_DEPLOYMENT_TARGET = 12.4;
				LD_RUNPATH_SEARCH_PATHS = (
					"$(inherited)",
					"@executable_path/Frameworks",
				);
				PRODUCT_BUNDLE_IDENTIFIER = "Amplitude-Lighting.Amplitude-Controller";
				PRODUCT_NAME = "$(TARGET_NAME)";
				SWIFT_VERSION = 5.0;
				TARGETED_DEVICE_FAMILY = "1,2";
			};
			name = Release;
		};
		DC30C0CD230BB243004EFAF8 /* Debug */ = {
			isa = XCBuildConfiguration;
			buildSettings = {
				ALWAYS_EMBED_SWIFT_STANDARD_LIBRARIES = YES;
				BUNDLE_LOADER = "$(TEST_HOST)";
				CODE_SIGN_STYLE = Automatic;
				DEVELOPMENT_TEAM = L6YY2X59Y5;
				INFOPLIST_FILE = "Amplitude ControllerTests/Info.plist";
				LD_RUNPATH_SEARCH_PATHS = (
					"$(inherited)",
					"@executable_path/Frameworks",
					"@loader_path/Frameworks",
				);
				PRODUCT_BUNDLE_IDENTIFIER = "Amplitude-Lighting.Amplitude-ControllerTests";
				PRODUCT_NAME = "$(TARGET_NAME)";
				SWIFT_VERSION = 5.0;
				TARGETED_DEVICE_FAMILY = "1,2";
				TEST_HOST = "$(BUILT_PRODUCTS_DIR)/Amplitude Controller.app/Amplitude Controller";
			};
			name = Debug;
		};
		DC30C0CE230BB243004EFAF8 /* Release */ = {
			isa = XCBuildConfiguration;
			buildSettings = {
				ALWAYS_EMBED_SWIFT_STANDARD_LIBRARIES = YES;
				BUNDLE_LOADER = "$(TEST_HOST)";
				CODE_SIGN_STYLE = Automatic;
				DEVELOPMENT_TEAM = L6YY2X59Y5;
				INFOPLIST_FILE = "Amplitude ControllerTests/Info.plist";
				LD_RUNPATH_SEARCH_PATHS = (
					"$(inherited)",
					"@executable_path/Frameworks",
					"@loader_path/Frameworks",
				);
				PRODUCT_BUNDLE_IDENTIFIER = "Amplitude-Lighting.Amplitude-ControllerTests";
				PRODUCT_NAME = "$(TARGET_NAME)";
				SWIFT_VERSION = 5.0;
				TARGETED_DEVICE_FAMILY = "1,2";
				TEST_HOST = "$(BUILT_PRODUCTS_DIR)/Amplitude Controller.app/Amplitude Controller";
			};
			name = Release;
		};
		DC30C0D0230BB243004EFAF8 /* Debug */ = {
			isa = XCBuildConfiguration;
			buildSettings = {
				ALWAYS_EMBED_SWIFT_STANDARD_LIBRARIES = YES;
				CODE_SIGN_STYLE = Automatic;
				DEVELOPMENT_TEAM = L6YY2X59Y5;
				INFOPLIST_FILE = "Amplitude ControllerUITests/Info.plist";
				LD_RUNPATH_SEARCH_PATHS = (
					"$(inherited)",
					"@executable_path/Frameworks",
					"@loader_path/Frameworks",
				);
				PRODUCT_BUNDLE_IDENTIFIER = "Amplitude-Lighting.Amplitude-ControllerUITests";
				PRODUCT_NAME = "$(TARGET_NAME)";
				SWIFT_VERSION = 5.0;
				TARGETED_DEVICE_FAMILY = "1,2";
				TEST_TARGET_NAME = "Amplitude Controller";
			};
			name = Debug;
		};
		DC30C0D1230BB243004EFAF8 /* Release */ = {
			isa = XCBuildConfiguration;
			buildSettings = {
				ALWAYS_EMBED_SWIFT_STANDARD_LIBRARIES = YES;
				CODE_SIGN_STYLE = Automatic;
				DEVELOPMENT_TEAM = L6YY2X59Y5;
				INFOPLIST_FILE = "Amplitude ControllerUITests/Info.plist";
				LD_RUNPATH_SEARCH_PATHS = (
					"$(inherited)",
					"@executable_path/Frameworks",
					"@loader_path/Frameworks",
				);
				PRODUCT_BUNDLE_IDENTIFIER = "Amplitude-Lighting.Amplitude-ControllerUITests";
				PRODUCT_NAME = "$(TARGET_NAME)";
				SWIFT_VERSION = 5.0;
				TARGETED_DEVICE_FAMILY = "1,2";
				TEST_TARGET_NAME = "Amplitude Controller";
			};
			name = Release;
		};
/* End XCBuildConfiguration section */

/* Begin XCConfigurationList section */
		DC30C09A230BB242004EFAF8 /* Build configuration list for PBXProject "Amplitude Controller" */ = {
			isa = XCConfigurationList;
			buildConfigurations = (
				DC30C0C7230BB243004EFAF8 /* Debug */,
				DC30C0C8230BB243004EFAF8 /* Release */,
			);
			defaultConfigurationIsVisible = 0;
			defaultConfigurationName = Release;
		};
		DC30C0C9230BB243004EFAF8 /* Build configuration list for PBXNativeTarget "Amplitude Controller" */ = {
			isa = XCConfigurationList;
			buildConfigurations = (
				DC30C0CA230BB243004EFAF8 /* Debug */,
				DC30C0CB230BB243004EFAF8 /* Release */,
			);
			defaultConfigurationIsVisible = 0;
			defaultConfigurationName = Release;
		};
		DC30C0CC230BB243004EFAF8 /* Build configuration list for PBXNativeTarget "Amplitude ControllerTests" */ = {
			isa = XCConfigurationList;
			buildConfigurations = (
				DC30C0CD230BB243004EFAF8 /* Debug */,
				DC30C0CE230BB243004EFAF8 /* Release */,
			);
			defaultConfigurationIsVisible = 0;
			defaultConfigurationName = Release;
		};
		DC30C0CF230BB243004EFAF8 /* Build configuration list for PBXNativeTarget "Amplitude ControllerUITests" */ = {
			isa = XCConfigurationList;
			buildConfigurations = (
				DC30C0D0230BB243004EFAF8 /* Debug */,
				DC30C0D1230BB243004EFAF8 /* Release */,
			);
			defaultConfigurationIsVisible = 0;
			defaultConfigurationName = Release;
		};
/* End XCConfigurationList section */
	};
	rootObject = DC30C097230BB242004EFAF8 /* Project object */;
}
